
Microsoft Visual Studio Solution File, Format Version 12.00
# Visual Studio Version 17
VisualStudioVersion = 17.13.35919.96 d17.13
MinimumVisualStudioVersion = 10.0.40219.1
Project("{FAE04EC0-301F-11D3-BF4B-00C04F79EFBC}") = "CyberSercurityChatbot", "CyberSercurityChatbot\CyberSercurityChatbot.csproj", "{39DC23DD-AEA1-4CDE-96EB-801D66FE9472}"
EndProject
Global
	GlobalSection(SolutionConfigurationPlatforms) = preSolution
		Debug|Any CPU = Debug|Any CPU
		Release|Any CPU = Release|Any CPU
	EndGlobalSection
	GlobalSection(ProjectConfigurationPlatforms) = postSolution
		{39DC23DD-AEA1-4CDE-96EB-801D66FE9472}.Debug|Any CPU.ActiveCfg = Debug|Any CPU
		{39DC23DD-AEA1-4CDE-96EB-801D66FE9472}.Debug|Any CPU.Build.0 = Debug|Any CPU
		{39DC23DD-AEA1-4CDE-96EB-801D66FE9472}.Release|Any CPU.ActiveCfg = Release|Any CPU
		{39DC23DD-AEA1-4CDE-96EB-801D66FE9472}.Release|Any CPU.Build.0 = Release|Any CPU
	EndGlobalSection
	GlobalSection(SolutionProperties) = preSolution
		HideSolutionNode = FALSE
	EndGlobalSection
	GlobalSection(ExtensibilityGlobals) = postSolution
		SolutionGuid = {8F8A3DAE-C656-40CD-94AD-104847940232}
	EndGlobalSection
EndGlobal
